// !$*UTF8*$!
{
	archiveVersion = 1;
	classes = {
	};
	objectVersion = 54;
	objects = {

/* Begin PBXBuildFile section */
		13B07FBC1A68108700A75B9A /* AppDelegate.m in Sources */ = {isa = PBXBuildFile; fileRef = 13B07FB01A68108700A75B9A /* AppDelegate.m */; };
		13B07FBD1A68108700A75B9A /* BuildFile in Resources */ = {isa = PBXBuildFile; };
		13B07FBF1A68108700A75B9A /* Images.xcassets in Resources */ = {isa = PBXBuildFile; fileRef = 13B07FB51A68108700A75B9A /* Images.xcassets */; };
		13B07FC11A68108700A75B9A /* main.m in Sources */ = {isa = PBXBuildFile; fileRef = 13B07FB71A68108700A75B9A /* main.m */; };
		22314F377DF44F58B7BF12C4 /* Lexend-Light.ttf in Resources */ = {isa = PBXBuildFile; fileRef = 17AC6CE3A079463D99C9F79E /* Lexend-Light.ttf */; };
		22FC016AEA194FE9A9C98105 /* Lexend-Bold.ttf in Resources */ = {isa = PBXBuildFile; fileRef = 493A5286037F4531B138D718 /* Lexend-Bold.ttf */; };
		3AC1F780252AF552005548BB /* LaunchScreen.storyboard in Resources */ = {isa = PBXBuildFile; fileRef = 3AC1F77F252AF552005548BB /* LaunchScreen.storyboard */; };
		6B199754054F46FC8493C066 /* Lexend-Medium.ttf in Resources */ = {isa = PBXBuildFile; fileRef = 057A039E2E3549D08049DAFF /* Lexend-Medium.ttf */; };
		7231C227D280406BABA506DB /* Lexend-ExtraLight.ttf in Resources */ = {isa = PBXBuildFile; fileRef = 6287F9D6E2B544409027A2B4 /* Lexend-ExtraLight.ttf */; };
		8FFDD27FE0E111D8E34219F6 /* libPods-DrCare.a in Frameworks */ = {isa = PBXBuildFile; fileRef = 7C386AADC3F00814E98BF636 /* libPods-DrCare.a */; };
		9D4F354DDDF548F9A161407A /* Lexend-Thin.ttf in Resources */ = {isa = PBXBuildFile; fileRef = F209F2E65E2C4E308E139059 /* Lexend-Thin.ttf */; };
		A08D0B15F90844FEB775C3DD /* Lexend-Black.ttf in Resources */ = {isa = PBXBuildFile; fileRef = 087413B260FA4B3781B4C9B3 /* Lexend-Black.ttf */; };
		A824A74626E34EE700A156E6 /* ClickViewManager.m in Sources */ = {isa = PBXBuildFile; fileRef = A824A74526E34EE700A156E6 /* ClickViewManager.m */; };
		A824A74926E34EFF00A156E6 /* ClickViewManager.swift in Sources */ = {isa = PBXBuildFile; fileRef = A824A74826E34EFF00A156E6 /* ClickViewManager.swift */; };
		A824A74C26E3524C00A156E6 /* ClickView.swift in Sources */ = {isa = PBXBuildFile; fileRef = A824A74B26E3524C00A156E6 /* ClickView.swift */; };
		A885557326C0274200D68783 /* CounterView.swift in Sources */ = {isa = PBXBuildFile; fileRef = A885557226C0274200D68783 /* CounterView.swift */; };
		A8B207C726C79F25008E0F0D /* ViewController.swift in Sources */ = {isa = PBXBuildFile; fileRef = A8B207C526C79F24008E0F0D /* ViewController.swift */; };
		A8B207C826C79F25008E0F0D /* ViewController.m in Sources */ = {isa = PBXBuildFile; fileRef = A8B207C626C79F24008E0F0D /* ViewController.m */; };
		A8B207CE26C7A264008E0F0D /* ViewControllerManager.swift in Sources */ = {isa = PBXBuildFile; fileRef = A8B207CD26C7A264008E0F0D /* ViewControllerManager.swift */; };
		A8E4CDA826BE6D3E008844C7 /* MyCustomView.swift in Sources */ = {isa = PBXBuildFile; fileRef = A8E4CDA726BE6D3E008844C7 /* MyCustomView.swift */; };
		A8E4CDAD26BE6DB8008844C7 /* MyCustomView.m in Sources */ = {isa = PBXBuildFile; fileRef = A8E4CDAC26BE6DB8008844C7 /* MyCustomView.m */; };
		A8E4CDBC26BEA1A2008844C7 /* CounterViewManager.swift in Sources */ = {isa = PBXBuildFile; fileRef = A8E4CDBB26BEA1A2008844C7 /* CounterViewManager.swift */; };
		A8E4CDC026BEA26A008844C7 /* CounterViewManager.m in Sources */ = {isa = PBXBuildFile; fileRef = A8E4CDBF26BEA26A008844C7 /* CounterViewManager.m */; };
		A8F3A6382674C9DD000637D2 /* GoogleService-Info.plist in Resources */ = {isa = PBXBuildFile; fileRef = A8F3A6372674C9DD000637D2 /* GoogleService-Info.plist */; };
		B42F7E88778F4D0B9AADEEB8 /* Lexend-SemiBold.ttf in Resources */ = {isa = PBXBuildFile; fileRef = 76F577D307724DCEAB256658 /* Lexend-SemiBold.ttf */; };
		D34FD2C073C74FD3ADF9E108 /* Lexend-Regular.ttf in Resources */ = {isa = PBXBuildFile; fileRef = 1604C3D60E3D4EFCBECA633B /* Lexend-Regular.ttf */; };
		E719C1133F7F44E8AB5116F5 /* Lexend-ExtraBold.ttf in Resources */ = {isa = PBXBuildFile; fileRef = 902A807F58784979B124DD93 /* Lexend-ExtraBold.ttf */; };
/* End PBXBuildFile section */

/* Begin PBXFileReference section */
		008F07F21AC5B25A0029DE68 /* main.jsbundle */ = {isa = PBXFileReference; fileEncoding = 4; lastKnownFileType = text; path = main.jsbundle; sourceTree = "<group>"; };
		00E356F11AD99517003FC87E /* Info.plist */ = {isa = PBXFileReference; lastKnownFileType = text.plist.xml; path = Info.plist; sourceTree = "<group>"; };
		00E356F21AD99517003FC87E /* DrCareTests.m */ = {isa = PBXFileReference; lastKnownFileType = sourcecode.c.objc; path = DrCareTests.m; sourceTree = "<group>"; };
		01BD47AEBB3647EBA825ADAA /* Mulish-ExtraLight.ttf */ = {isa = PBXFileReference; explicitFileType = undefined; fileEncoding = 9; includeInIndex = 0; lastKnownFileType = unknown; name = "Mulish-ExtraLight.ttf"; path = "../src/assets/fonts/Mulish-ExtraLight.ttf"; sourceTree = "<group>"; };
		057A039E2E3549D08049DAFF /* Lexend-Medium.ttf */ = {isa = PBXFileReference; explicitFileType = undefined; fileEncoding = 9; includeInIndex = 0; lastKnownFileType = unknown; name = "Lexend-Medium.ttf"; path = "../src/assets/fonts/Lexend-Medium.ttf"; sourceTree = "<group>"; };
		06933F48076D471682E306AD /* Lato-LightItalic.ttf */ = {isa = PBXFileReference; explicitFileType = undefined; fileEncoding = 9; includeInIndex = 0; lastKnownFileType = unknown; name = "Lato-LightItalic.ttf"; path = "../src/assets/fonts/Lato-LightItalic.ttf"; sourceTree = "<group>"; };
		087413B260FA4B3781B4C9B3 /* Lexend-Black.ttf */ = {isa = PBXFileReference; explicitFileType = undefined; fileEncoding = 9; includeInIndex = 0; lastKnownFileType = unknown; name = "Lexend-Black.ttf"; path = "../src/assets/fonts/Lexend-Black.ttf"; sourceTree = "<group>"; };
		0CB77AE88548B69296AA568D /* Pods-DrCare-DrCareTests.debug.xcconfig */ = {isa = PBXFileReference; includeInIndex = 1; lastKnownFileType = text.xcconfig; name = "Pods-DrCare-DrCareTests.debug.xcconfig"; path = "Target Support Files/Pods-DrCare-DrCareTests/Pods-DrCare-DrCareTests.debug.xcconfig"; sourceTree = "<group>"; };
		12C64F49D82247D08F70F9EF /* Mulish-ExtraBold.ttf */ = {isa = PBXFileReference; explicitFileType = undefined; fileEncoding = 9; includeInIndex = 0; lastKnownFileType = unknown; name = "Mulish-ExtraBold.ttf"; path = "../src/assets/fonts/Mulish-ExtraBold.ttf"; sourceTree = "<group>"; };
		13784A9040DBC50FB428E765 /* Pods-DrCare-tvOSTests.release.xcconfig */ = {isa = PBXFileReference; includeInIndex = 1; lastKnownFileType = text.xcconfig; name = "Pods-DrCare-tvOSTests.release.xcconfig"; path = "Target Support Files/Pods-DrCare-tvOSTests/Pods-DrCare-tvOSTests.release.xcconfig"; sourceTree = "<group>"; };
		13B07F961A680F5B00A75B9A /* DrCare.app */ = {isa = PBXFileReference; explicitFileType = wrapper.application; includeInIndex = 0; path = DrCare.app; sourceTree = BUILT_PRODUCTS_DIR; };
		13B07FAF1A68108700A75B9A /* AppDelegate.h */ = {isa = PBXFileReference; fileEncoding = 4; lastKnownFileType = sourcecode.c.h; name = AppDelegate.h; path = DrCare/AppDelegate.h; sourceTree = "<group>"; };
		13B07FB01A68108700A75B9A /* AppDelegate.m */ = {isa = PBXFileReference; fileEncoding = 4; lastKnownFileType = sourcecode.c.objc; name = AppDelegate.m; path = DrCare/AppDelegate.m; sourceTree = "<group>"; };
		13B07FB51A68108700A75B9A /* Images.xcassets */ = {isa = PBXFileReference; lastKnownFileType = folder.assetcatalog; name = Images.xcassets; path = DrCare/Images.xcassets; sourceTree = "<group>"; };
		13B07FB61A68108700A75B9A /* Info.plist */ = {isa = PBXFileReference; fileEncoding = 4; lastKnownFileType = text.plist.xml; name = Info.plist; path = DrCare/Info.plist; sourceTree = "<group>"; };
		13B07FB71A68108700A75B9A /* main.m */ = {isa = PBXFileReference; fileEncoding = 4; lastKnownFileType = sourcecode.c.objc; name = main.m; path = DrCare/main.m; sourceTree = "<group>"; };
		1604C3D60E3D4EFCBECA633B /* Lexend-Regular.ttf */ = {isa = PBXFileReference; explicitFileType = undefined; fileEncoding = 9; includeInIndex = 0; lastKnownFileType = unknown; name = "Lexend-Regular.ttf"; path = "../src/assets/fonts/Lexend-Regular.ttf"; sourceTree = "<group>"; };
		168AD2AD5FE1139B76649792 /* Pods-DrCare-tvOSTests.debug.xcconfig */ = {isa = PBXFileReference; includeInIndex = 1; lastKnownFileType = text.xcconfig; name = "Pods-DrCare-tvOSTests.debug.xcconfig"; path = "Target Support Files/Pods-DrCare-tvOSTests/Pods-DrCare-tvOSTests.debug.xcconfig"; sourceTree = "<group>"; };
		17AC6CE3A079463D99C9F79E /* Lexend-Light.ttf */ = {isa = PBXFileReference; explicitFileType = undefined; fileEncoding = 9; includeInIndex = 0; lastKnownFileType = unknown; name = "Lexend-Light.ttf"; path = "../src/assets/fonts/Lexend-Light.ttf"; sourceTree = "<group>"; };
		17FA652C5328403FBA61B14D /* Mulish-SemiBold.ttf */ = {isa = PBXFileReference; explicitFileType = undefined; fileEncoding = 9; includeInIndex = 0; lastKnownFileType = unknown; name = "Mulish-SemiBold.ttf"; path = "../src/assets/fonts/Mulish-SemiBold.ttf"; sourceTree = "<group>"; };
		2436BC37CFF14845A08BC38C /* FontAwesome5_Solid.ttf */ = {isa = PBXFileReference; explicitFileType = undefined; fileEncoding = 9; includeInIndex = 0; lastKnownFileType = unknown; name = FontAwesome5_Solid.ttf; path = "../node_modules/react-native-vector-icons/Fonts/FontAwesome5_Solid.ttf"; sourceTree = "<group>"; };
		246BA58371D2489397C31169 /* Mulish-Black.ttf */ = {isa = PBXFileReference; explicitFileType = undefined; fileEncoding = 9; includeInIndex = 0; lastKnownFileType = unknown; name = "Mulish-Black.ttf"; path = "../src/assets/fonts/Mulish-Black.ttf"; sourceTree = "<group>"; };
		2BBDA8E0D52F3BDB375C5E47 /* libPods-DrCare-tvOS.a */ = {isa = PBXFileReference; explicitFileType = archive.ar; includeInIndex = 0; path = "libPods-DrCare-tvOS.a"; sourceTree = BUILT_PRODUCTS_DIR; };
		2C8A52B1A1C64342A6D2C1D0 /* Mulish-Light.ttf */ = {isa = PBXFileReference; explicitFileType = undefined; fileEncoding = 9; includeInIndex = 0; lastKnownFileType = unknown; name = "Mulish-Light.ttf"; path = "../src/assets/fonts/Mulish-Light.ttf"; sourceTree = "<group>"; };
		303D7E515107464A9F756BF5 /* SimpleLineIcons.ttf */ = {isa = PBXFileReference; explicitFileType = undefined; fileEncoding = 9; includeInIndex = 0; lastKnownFileType = unknown; name = SimpleLineIcons.ttf; path = "../node_modules/react-native-vector-icons/Fonts/SimpleLineIcons.ttf"; sourceTree = "<group>"; };
		30726AAD7FA34C7497832E61 /* MaterialIcons.ttf */ = {isa = PBXFileReference; explicitFileType = undefined; fileEncoding = 9; includeInIndex = 0; lastKnownFileType = unknown; name = MaterialIcons.ttf; path = "../node_modules/react-native-vector-icons/Fonts/MaterialIcons.ttf"; sourceTree = "<group>"; };
		351AD53139B04D48A492DCC9 /* Lato-Bold.ttf */ = {isa = PBXFileReference; explicitFileType = undefined; fileEncoding = 9; includeInIndex = 0; lastKnownFileType = unknown; name = "Lato-Bold.ttf"; path = "../src/assets/fonts/Lato-Bold.ttf"; sourceTree = "<group>"; };
		38C6204123C84D08A2509CA4 /* Feather.ttf */ = {isa = PBXFileReference; explicitFileType = undefined; fileEncoding = 9; includeInIndex = 0; lastKnownFileType = unknown; name = Feather.ttf; path = "../node_modules/react-native-vector-icons/Fonts/Feather.ttf"; sourceTree = "<group>"; };
		3AC1F77F252AF552005548BB /* LaunchScreen.storyboard */ = {isa = PBXFileReference; lastKnownFileType = file.storyboard; path = LaunchScreen.storyboard; sourceTree = "<group>"; };
		3D2E5A87598B4B46995B7027 /* Lato-BlackItalic.ttf */ = {isa = PBXFileReference; explicitFileType = undefined; fileEncoding = 9; includeInIndex = 0; lastKnownFileType = unknown; name = "Lato-BlackItalic.ttf"; path = "../src/assets/fonts/Lato-BlackItalic.ttf"; sourceTree = "<group>"; };
		3DEA598EFC5B4EF2B839E4D6 /* Lato-BoldItalic.ttf */ = {isa = PBXFileReference; explicitFileType = undefined; fileEncoding = 9; includeInIndex = 0; lastKnownFileType = unknown; name = "Lato-BoldItalic.ttf"; path = "../src/assets/fonts/Lato-BoldItalic.ttf"; sourceTree = "<group>"; };
		3E8C23CB15454F85A8EDD801 /* FontAwesome5_Regular.ttf */ = {isa = PBXFileReference; explicitFileType = undefined; fileEncoding = 9; includeInIndex = 0; lastKnownFileType = unknown; name = FontAwesome5_Regular.ttf; path = "../node_modules/react-native-vector-icons/Fonts/FontAwesome5_Regular.ttf"; sourceTree = "<group>"; };
		3FF99585D6744C4C9D0D70F1 /* Mulish-Italic.ttf */ = {isa = PBXFileReference; explicitFileType = undefined; fileEncoding = 9; includeInIndex = 0; lastKnownFileType = unknown; name = "Mulish-Italic.ttf"; path = "../src/assets/fonts/Mulish-Italic.ttf"; sourceTree = "<group>"; };
		420D36B2635142179BFA04C6 /* EvilIcons.ttf */ = {isa = PBXFileReference; explicitFileType = undefined; fileEncoding = 9; includeInIndex = 0; lastKnownFileType = unknown; name = EvilIcons.ttf; path = "../node_modules/react-native-vector-icons/Fonts/EvilIcons.ttf"; sourceTree = "<group>"; };
		469DE27AEC7C4E2FB84B6821 /* Mulish-Medium.ttf */ = {isa = PBXFileReference; explicitFileType = undefined; fileEncoding = 9; includeInIndex = 0; lastKnownFileType = unknown; name = "Mulish-Medium.ttf"; path = "../src/assets/fonts/Mulish-Medium.ttf"; sourceTree = "<group>"; };
		493A5286037F4531B138D718 /* Lexend-Bold.ttf */ = {isa = PBXFileReference; explicitFileType = undefined; fileEncoding = 9; includeInIndex = 0; lastKnownFileType = unknown; name = "Lexend-Bold.ttf"; path = "../src/assets/fonts/Lexend-Bold.ttf"; sourceTree = "<group>"; };
		4BE5321DCB604D30A34B98FE /* FontAwesome.ttf */ = {isa = PBXFileReference; explicitFileType = undefined; fileEncoding = 9; includeInIndex = 0; lastKnownFileType = unknown; name = FontAwesome.ttf; path = "../node_modules/react-native-vector-icons/Fonts/FontAwesome.ttf"; sourceTree = "<group>"; };
		4FEC52FF7C5B47C68067D9F9 /* Octicons.ttf */ = {isa = PBXFileReference; explicitFileType = undefined; fileEncoding = 9; includeInIndex = 0; lastKnownFileType = unknown; name = Octicons.ttf; path = "../node_modules/react-native-vector-icons/Fonts/Octicons.ttf"; sourceTree = "<group>"; };
		5490CC35D2D14595A5AF075E /* Lato-Regular.ttf */ = {isa = PBXFileReference; explicitFileType = undefined; fileEncoding = 9; includeInIndex = 0; lastKnownFileType = unknown; name = "Lato-Regular.ttf"; path = "../src/assets/fonts/Lato-Regular.ttf"; sourceTree = "<group>"; };
		5779F736A20D490E2E1A9B05 /* Pods-DrCareTests.release.xcconfig */ = {isa = PBXFileReference; includeInIndex = 1; lastKnownFileType = text.xcconfig; name = "Pods-DrCareTests.release.xcconfig"; path = "Target Support Files/Pods-DrCareTests/Pods-DrCareTests.release.xcconfig"; sourceTree = "<group>"; };
		58F57BCDE10911C0B8C0A8C4 /* Pods-DrCare.debug.xcconfig */ = {isa = PBXFileReference; includeInIndex = 1; lastKnownFileType = text.xcconfig; name = "Pods-DrCare.debug.xcconfig"; path = "Target Support Files/Pods-DrCare/Pods-DrCare.debug.xcconfig"; sourceTree = "<group>"; };
		5D0268BE904F2FE2E352D4EF /* Pods-DrCare-tvOS.release.xcconfig */ = {isa = PBXFileReference; includeInIndex = 1; lastKnownFileType = text.xcconfig; name = "Pods-DrCare-tvOS.release.xcconfig"; path = "Target Support Files/Pods-DrCare-tvOS/Pods-DrCare-tvOS.release.xcconfig"; sourceTree = "<group>"; };
		6287F9D6E2B544409027A2B4 /* Lexend-ExtraLight.ttf */ = {isa = PBXFileReference; explicitFileType = undefined; fileEncoding = 9; includeInIndex = 0; lastKnownFileType = unknown; name = "Lexend-ExtraLight.ttf"; path = "../src/assets/fonts/Lexend-ExtraLight.ttf"; sourceTree = "<group>"; };
		68E5EF259E8E4558AB107594 /* Lato-Black.ttf */ = {isa = PBXFileReference; explicitFileType = undefined; fileEncoding = 9; includeInIndex = 0; lastKnownFileType = unknown; name = "Lato-Black.ttf"; path = "../src/assets/fonts/Lato-Black.ttf"; sourceTree = "<group>"; };
		7087B9155EFC4F54B72BD27B /* Mulish-Regular.ttf */ = {isa = PBXFileReference; explicitFileType = undefined; fileEncoding = 9; includeInIndex = 0; lastKnownFileType = unknown; name = "Mulish-Regular.ttf"; path = "../src/assets/fonts/Mulish-Regular.ttf"; sourceTree = "<group>"; };
		71214528D2EC48BF83240B17 /* FontAwesome5_Brands.ttf */ = {isa = PBXFileReference; explicitFileType = undefined; fileEncoding = 9; includeInIndex = 0; lastKnownFileType = unknown; name = FontAwesome5_Brands.ttf; path = "../node_modules/react-native-vector-icons/Fonts/FontAwesome5_Brands.ttf"; sourceTree = "<group>"; };
		76F577D307724DCEAB256658 /* Lexend-SemiBold.ttf */ = {isa = PBXFileReference; explicitFileType = undefined; fileEncoding = 9; includeInIndex = 0; lastKnownFileType = unknown; name = "Lexend-SemiBold.ttf"; path = "../src/assets/fonts/Lexend-SemiBold.ttf"; sourceTree = "<group>"; };
		7C386AADC3F00814E98BF636 /* libPods-DrCare.a */ = {isa = PBXFileReference; explicitFileType = archive.ar; includeInIndex = 0; path = "libPods-DrCare.a"; sourceTree = BUILT_PRODUCTS_DIR; };
		80158D7EF8F8B6C4DAB7F7C7 /* Pods-DrCareTests.debug.xcconfig */ = {isa = PBXFileReference; includeInIndex = 1; lastKnownFileType = text.xcconfig; name = "Pods-DrCareTests.debug.xcconfig"; path = "Target Support Files/Pods-DrCareTests/Pods-DrCareTests.debug.xcconfig"; sourceTree = "<group>"; };
		8941F128461942DA97A52996 /* Mulish-ExtraLightItalic.ttf */ = {isa = PBXFileReference; explicitFileType = undefined; fileEncoding = 9; includeInIndex = 0; lastKnownFileType = unknown; name = "Mulish-ExtraLightItalic.ttf"; path = "../src/assets/fonts/Mulish-ExtraLightItalic.ttf"; sourceTree = "<group>"; };
		902A807F58784979B124DD93 /* Lexend-ExtraBold.ttf */ = {isa = PBXFileReference; explicitFileType = undefined; fileEncoding = 9; includeInIndex = 0; lastKnownFileType = unknown; name = "Lexend-ExtraBold.ttf"; path = "../src/assets/fonts/Lexend-ExtraBold.ttf"; sourceTree = "<group>"; };
		93DF87D1A45954192A4C560D /* Pods-DrCare-DrCareTests.release.xcconfig */ = {isa = PBXFileReference; includeInIndex = 1; lastKnownFileType = text.xcconfig; name = "Pods-DrCare-DrCareTests.release.xcconfig"; path = "Target Support Files/Pods-DrCare-DrCareTests/Pods-DrCare-DrCareTests.release.xcconfig"; sourceTree = "<group>"; };
		982ED5BDB7E67E9B60B82295 /* Pods-DrCare-tvOS.debug.xcconfig */ = {isa = PBXFileReference; includeInIndex = 1; lastKnownFileType = text.xcconfig; name = "Pods-DrCare-tvOS.debug.xcconfig"; path = "Target Support Files/Pods-DrCare-tvOS/Pods-DrCare-tvOS.debug.xcconfig"; sourceTree = "<group>"; };
		9A24869C88D743A5A01D67B0 /* Foundation.ttf */ = {isa = PBXFileReference; explicitFileType = undefined; fileEncoding = 9; includeInIndex = 0; lastKnownFileType = unknown; name = Foundation.ttf; path = "../node_modules/react-native-vector-icons/Fonts/Foundation.ttf"; sourceTree = "<group>"; };
		9B58E33039ED4B5A83C5FE58 /* Fontisto.ttf */ = {isa = PBXFileReference; explicitFileType = undefined; fileEncoding = 9; includeInIndex = 0; lastKnownFileType = unknown; name = Fontisto.ttf; path = "../node_modules/react-native-vector-icons/Fonts/Fontisto.ttf"; sourceTree = "<group>"; };
		A2C8F480800B4B1C91CE2F11 /* Zocial.ttf */ = {isa = PBXFileReference; explicitFileType = undefined; fileEncoding = 9; includeInIndex = 0; lastKnownFileType = unknown; name = Zocial.ttf; path = "../node_modules/react-native-vector-icons/Fonts/Zocial.ttf"; sourceTree = "<group>"; };
		A4300ABA5B43480EBE43ECA2 /* Mulish-BlackItalic.ttf */ = {isa = PBXFileReference; explicitFileType = undefined; fileEncoding = 9; includeInIndex = 0; lastKnownFileType = unknown; name = "Mulish-BlackItalic.ttf"; path = "../src/assets/fonts/Mulish-BlackItalic.ttf"; sourceTree = "<group>"; };
		A824A74526E34EE700A156E6 /* ClickViewManager.m */ = {isa = PBXFileReference; lastKnownFileType = sourcecode.c.objc; path = ClickViewManager.m; sourceTree = "<group>"; };
		A824A74826E34EFF00A156E6 /* ClickViewManager.swift */ = {isa = PBXFileReference; lastKnownFileType = sourcecode.swift; path = ClickViewManager.swift; sourceTree = "<group>"; };
		A824A74B26E3524C00A156E6 /* ClickView.swift */ = {isa = PBXFileReference; lastKnownFileType = sourcecode.swift; path = ClickView.swift; sourceTree = "<group>"; };
		A885557226C0274200D68783 /* CounterView.swift */ = {isa = PBXFileReference; lastKnownFileType = sourcecode.swift; path = CounterView.swift; sourceTree = "<group>"; };
		A8B207C526C79F24008E0F0D /* ViewController.swift */ = {isa = PBXFileReference; fileEncoding = 4; lastKnownFileType = sourcecode.swift; path = ViewController.swift; sourceTree = "<group>"; };
		A8B207C626C79F24008E0F0D /* ViewController.m */ = {isa = PBXFileReference; fileEncoding = 4; lastKnownFileType = sourcecode.c.objc; path = ViewController.m; sourceTree = "<group>"; };
		A8B207CD26C7A264008E0F0D /* ViewControllerManager.swift */ = {isa = PBXFileReference; lastKnownFileType = sourcecode.swift; path = ViewControllerManager.swift; sourceTree = "<group>"; };
		A8CD0A6826F337DB0060D148 /* AppCenter-Config.plist */ = {isa = PBXFileReference; fileEncoding = 4; lastKnownFileType = text.plist.xml; name = "AppCenter-Config.plist"; path = "DrCare/AppCenter-Config.plist"; sourceTree = "<group>"; };
		A8E4CDA626BE6D3E008844C7 /* DrCare-Bridging-Header.h */ = {isa = PBXFileReference; lastKnownFileType = sourcecode.c.h; path = "DrCare-Bridging-Header.h"; sourceTree = "<group>"; };
		A8E4CDA726BE6D3E008844C7 /* MyCustomView.swift */ = {isa = PBXFileReference; lastKnownFileType = sourcecode.swift; path = MyCustomView.swift; sourceTree = "<group>"; };
		A8E4CDAC26BE6DB8008844C7 /* MyCustomView.m */ = {isa = PBXFileReference; lastKnownFileType = sourcecode.c.objc; path = MyCustomView.m; sourceTree = "<group>"; };
		A8E4CDBB26BEA1A2008844C7 /* CounterViewManager.swift */ = {isa = PBXFileReference; lastKnownFileType = sourcecode.swift; path = CounterViewManager.swift; sourceTree = "<group>"; };
		A8E4CDBF26BEA26A008844C7 /* CounterViewManager.m */ = {isa = PBXFileReference; lastKnownFileType = sourcecode.c.objc; path = CounterViewManager.m; sourceTree = "<group>"; };
		A8F3A6322674C735000637D2 /* DrCare.entitlements */ = {isa = PBXFileReference; lastKnownFileType = text.plist.entitlements; name = DrCare.entitlements; path = DrCare/DrCare.entitlements; sourceTree = "<group>"; };
		A8F3A6372674C9DD000637D2 /* GoogleService-Info.plist */ = {isa = PBXFileReference; fileEncoding = 4; lastKnownFileType = text.plist.xml; name = "GoogleService-Info.plist"; path = "DrCare/GoogleService-Info.plist"; sourceTree = "<group>"; };
		A8FF418B26CEBCBE00A569AD /* Config.xcconfig */ = {isa = PBXFileReference; lastKnownFileType = text.xcconfig; path = Config.xcconfig; sourceTree = "<group>"; };
		B55E0FDD64884B6690E67FE0 /* Mulish-LightItalic.ttf */ = {isa = PBXFileReference; explicitFileType = undefined; fileEncoding = 9; includeInIndex = 0; lastKnownFileType = unknown; name = "Mulish-LightItalic.ttf"; path = "../src/assets/fonts/Mulish-LightItalic.ttf"; sourceTree = "<group>"; };
		BA155FC0E3FC47A56CBDE614 /* libPods-DrCare-DrCareTests.a */ = {isa = PBXFileReference; explicitFileType = archive.ar; includeInIndex = 0; path = "libPods-DrCare-DrCareTests.a"; sourceTree = BUILT_PRODUCTS_DIR; };
		C482035660554311BA1C4CF8 /* Mulish-MediumItalic.ttf */ = {isa = PBXFileReference; explicitFileType = undefined; fileEncoding = 9; includeInIndex = 0; lastKnownFileType = unknown; name = "Mulish-MediumItalic.ttf"; path = "../src/assets/fonts/Mulish-MediumItalic.ttf"; sourceTree = "<group>"; };
		C9B58ECE4F734FD59DAA6059 /* Mulish-BoldItalic.ttf */ = {isa = PBXFileReference; explicitFileType = undefined; fileEncoding = 9; includeInIndex = 0; lastKnownFileType = unknown; name = "Mulish-BoldItalic.ttf"; path = "../src/assets/fonts/Mulish-BoldItalic.ttf"; sourceTree = "<group>"; };
		C9E578FF46F04016A9FEA731 /* Lato-Italic.ttf */ = {isa = PBXFileReference; explicitFileType = undefined; fileEncoding = 9; includeInIndex = 0; lastKnownFileType = unknown; name = "Lato-Italic.ttf"; path = "../src/assets/fonts/Lato-Italic.ttf"; sourceTree = "<group>"; };
		D115B91A88C24643BE803945 /* Mulish-ExtraBoldItalic.ttf */ = {isa = PBXFileReference; explicitFileType = undefined; fileEncoding = 9; includeInIndex = 0; lastKnownFileType = unknown; name = "Mulish-ExtraBoldItalic.ttf"; path = "../src/assets/fonts/Mulish-ExtraBoldItalic.ttf"; sourceTree = "<group>"; };
		D65437F5F3FD47368EF5CD50 /* Mulish-Bold.ttf */ = {isa = PBXFileReference; explicitFileType = undefined; fileEncoding = 9; includeInIndex = 0; lastKnownFileType = unknown; name = "Mulish-Bold.ttf"; path = "../src/assets/fonts/Mulish-Bold.ttf"; sourceTree = "<group>"; };
		D679BEBE0D9E67098CF8EAB7 /* Pods-DrCare.release.xcconfig */ = {isa = PBXFileReference; includeInIndex = 1; lastKnownFileType = text.xcconfig; name = "Pods-DrCare.release.xcconfig"; path = "Target Support Files/Pods-DrCare/Pods-DrCare.release.xcconfig"; sourceTree = "<group>"; };
		DC9F2B34D5D441E1BF160FA8 /* MaterialCommunityIcons.ttf */ = {isa = PBXFileReference; explicitFileType = undefined; fileEncoding = 9; includeInIndex = 0; lastKnownFileType = unknown; name = MaterialCommunityIcons.ttf; path = "../node_modules/react-native-vector-icons/Fonts/MaterialCommunityIcons.ttf"; sourceTree = "<group>"; };
		DF4036C513F840B19AF034A2 /* Lato-Light.ttf */ = {isa = PBXFileReference; explicitFileType = undefined; fileEncoding = 9; includeInIndex = 0; lastKnownFileType = unknown; name = "Lato-Light.ttf"; path = "../src/assets/fonts/Lato-Light.ttf"; sourceTree = "<group>"; };
		E2152AF86EDF4EEDBD2D3F17 /* Lato-Thin.ttf */ = {isa = PBXFileReference; explicitFileType = undefined; fileEncoding = 9; includeInIndex = 0; lastKnownFileType = unknown; name = "Lato-Thin.ttf"; path = "../src/assets/fonts/Lato-Thin.ttf"; sourceTree = "<group>"; };
		E80451E76DC14E3F80CCE2DE /* Ionicons.ttf */ = {isa = PBXFileReference; explicitFileType = undefined; fileEncoding = 9; includeInIndex = 0; lastKnownFileType = unknown; name = Ionicons.ttf; path = "../node_modules/react-native-vector-icons/Fonts/Ionicons.ttf"; sourceTree = "<group>"; };
		E95B9C6930DE4255A97A3A0D /* AntDesign.ttf */ = {isa = PBXFileReference; explicitFileType = undefined; fileEncoding = 9; includeInIndex = 0; lastKnownFileType = unknown; name = AntDesign.ttf; path = "../node_modules/react-native-vector-icons/Fonts/AntDesign.ttf"; sourceTree = "<group>"; };
		ED297162215061F000B7C4FE /* JavaScriptCore.framework */ = {isa = PBXFileReference; lastKnownFileType = wrapper.framework; name = JavaScriptCore.framework; path = System/Library/Frameworks/JavaScriptCore.framework; sourceTree = SDKROOT; };
		ED2971642150620600B7C4FE /* JavaScriptCore.framework */ = {isa = PBXFileReference; lastKnownFileType = wrapper.framework; name = JavaScriptCore.framework; path = Platforms/AppleTVOS.platform/Developer/SDKs/AppleTVOS12.0.sdk/System/Library/Frameworks/JavaScriptCore.framework; sourceTree = DEVELOPER_DIR; };
		F209F2E65E2C4E308E139059 /* Lexend-Thin.ttf */ = {isa = PBXFileReference; explicitFileType = undefined; fileEncoding = 9; includeInIndex = 0; lastKnownFileType = unknown; name = "Lexend-Thin.ttf"; path = "../src/assets/fonts/Lexend-Thin.ttf"; sourceTree = "<group>"; };
		F5CA28C980B8485A9B99AE96 /* Mulish-SemiBoldItalic.ttf */ = {isa = PBXFileReference; explicitFileType = undefined; fileEncoding = 9; includeInIndex = 0; lastKnownFileType = unknown; name = "Mulish-SemiBoldItalic.ttf"; path = "../src/assets/fonts/Mulish-SemiBoldItalic.ttf"; sourceTree = "<group>"; };
		FC3108740F51C5D624110D2B /* libPods-DrCare-tvOSTests.a */ = {isa = PBXFileReference; explicitFileType = archive.ar; includeInIndex = 0; path = "libPods-DrCare-tvOSTests.a"; sourceTree = BUILT_PRODUCTS_DIR; };
		FF211B23FF1E4272AE91FA62 /* Entypo.ttf */ = {isa = PBXFileReference; explicitFileType = undefined; fileEncoding = 9; includeInIndex = 0; lastKnownFileType = unknown; name = Entypo.ttf; path = "../node_modules/react-native-vector-icons/Fonts/Entypo.ttf"; sourceTree = "<group>"; };
		FF69C08483504C9AB6BA50EB /* Lato-ThinItalic.ttf */ = {isa = PBXFileReference; explicitFileType = undefined; fileEncoding = 9; includeInIndex = 0; lastKnownFileType = unknown; name = "Lato-ThinItalic.ttf"; path = "../src/assets/fonts/Lato-ThinItalic.ttf"; sourceTree = "<group>"; };
/* End PBXFileReference section */

/* Begin PBXFrameworksBuildPhase section */
		13B07F8C1A680F5B00A75B9A /* Frameworks */ = {
			isa = PBXFrameworksBuildPhase;
			buildActionMask = 2147483647;
			files = (
				8FFDD27FE0E111D8E34219F6 /* libPods-DrCare.a in Frameworks */,
			);
			runOnlyForDeploymentPostprocessing = 0;
		};
/* End PBXFrameworksBuildPhase section */

/* Begin PBXGroup section */
		00E356EF1AD99517003FC87E /* DrCareTests */ = {
			isa = PBXGroup;
			children = (
				00E356F21AD99517003FC87E /* DrCareTests.m */,
				00E356F01AD99517003FC87E /* Supporting Files */,
			);
			path = DrCareTests;
			sourceTree = "<group>";
		};
		00E356F01AD99517003FC87E /* Supporting Files */ = {
			isa = PBXGroup;
			children = (
				00E356F11AD99517003FC87E /* Info.plist */,
			);
			name = "Supporting Files";
			sourceTree = "<group>";
		};
		13B07FAE1A68108700A75B9A /* DrCare */ = {
			isa = PBXGroup;
			children = (
				A8E4CDA626BE6D3E008844C7 /* DrCare-Bridging-Header.h */,
				A824A74426E34EC700A156E6 /* ClickView */,
				A8B207C426C79F14008E0F0D /* LoginAnimation */,
				A8E4CDB226BEA091008844C7 /* Counter */,
				A8E4CDA126BE6D0D008844C7 /* SwiftComponent */,
				A8F3A6322674C735000637D2 /* DrCare.entitlements */,
				008F07F21AC5B25A0029DE68 /* main.jsbundle */,
				13B07FAF1A68108700A75B9A /* AppDelegate.h */,
				13B07FB01A68108700A75B9A /* AppDelegate.m */,
				13B07FB51A68108700A75B9A /* Images.xcassets */,
				13B07FB61A68108700A75B9A /* Info.plist */,
				A8F3A6372674C9DD000637D2 /* GoogleService-Info.plist */,
				A8CD0A6826F337DB0060D148 /* AppCenter-Config.plist */,
				13B07FB71A68108700A75B9A /* main.m */,
				3AC1F77F252AF552005548BB /* LaunchScreen.storyboard */,
			);
			name = DrCare;
			sourceTree = "<group>";
		};
		2D16E6871FA4F8E400B85C8A /* Frameworks */ = {
			isa = PBXGroup;
			children = (
				ED297162215061F000B7C4FE /* JavaScriptCore.framework */,
				ED2971642150620600B7C4FE /* JavaScriptCore.framework */,
				7C386AADC3F00814E98BF636 /* libPods-DrCare.a */,
				2BBDA8E0D52F3BDB375C5E47 /* libPods-DrCare-tvOS.a */,
				FC3108740F51C5D624110D2B /* libPods-DrCare-tvOSTests.a */,
				BA155FC0E3FC47A56CBDE614 /* libPods-DrCare-DrCareTests.a */,
			);
			name = Frameworks;
			sourceTree = "<group>";
		};
		832341AE1AAA6A7D00B99B32 /* Libraries */ = {
			isa = PBXGroup;
			children = (
			);
			name = Libraries;
			sourceTree = "<group>";
		};
		83CBB9F61A601CBA00E9B192 = {
			isa = PBXGroup;
			children = (
				A8FF418B26CEBCBE00A569AD /* Config.xcconfig */,
				13B07FAE1A68108700A75B9A /* DrCare */,
				832341AE1AAA6A7D00B99B32 /* Libraries */,
				00E356EF1AD99517003FC87E /* DrCareTests */,
				83CBBA001A601CBA00E9B192 /* Products */,
				2D16E6871FA4F8E400B85C8A /* Frameworks */,
				A957892C321B4A5850B954E3 /* Pods */,
				8548A2AD02F54A188E8BC948 /* Resources */,
			);
			indentWidth = 2;
			sourceTree = "<group>";
			tabWidth = 2;
			usesTabs = 0;
		};
		83CBBA001A601CBA00E9B192 /* Products */ = {
			isa = PBXGroup;
			children = (
				13B07F961A680F5B00A75B9A /* DrCare.app */,
			);
			name = Products;
			sourceTree = "<group>";
		};
		8548A2AD02F54A188E8BC948 /* Resources */ = {
			isa = PBXGroup;
			children = (
				68E5EF259E8E4558AB107594 /* Lato-Black.ttf */,
				3D2E5A87598B4B46995B7027 /* Lato-BlackItalic.ttf */,
				351AD53139B04D48A492DCC9 /* Lato-Bold.ttf */,
				3DEA598EFC5B4EF2B839E4D6 /* Lato-BoldItalic.ttf */,
				C9E578FF46F04016A9FEA731 /* Lato-Italic.ttf */,
				DF4036C513F840B19AF034A2 /* Lato-Light.ttf */,
				06933F48076D471682E306AD /* Lato-LightItalic.ttf */,
				5490CC35D2D14595A5AF075E /* Lato-Regular.ttf */,
				E2152AF86EDF4EEDBD2D3F17 /* Lato-Thin.ttf */,
				FF69C08483504C9AB6BA50EB /* Lato-ThinItalic.ttf */,
				E95B9C6930DE4255A97A3A0D /* AntDesign.ttf */,
				FF211B23FF1E4272AE91FA62 /* Entypo.ttf */,
				420D36B2635142179BFA04C6 /* EvilIcons.ttf */,
				38C6204123C84D08A2509CA4 /* Feather.ttf */,
				4BE5321DCB604D30A34B98FE /* FontAwesome.ttf */,
				71214528D2EC48BF83240B17 /* FontAwesome5_Brands.ttf */,
				3E8C23CB15454F85A8EDD801 /* FontAwesome5_Regular.ttf */,
				2436BC37CFF14845A08BC38C /* FontAwesome5_Solid.ttf */,
				9B58E33039ED4B5A83C5FE58 /* Fontisto.ttf */,
				9A24869C88D743A5A01D67B0 /* Foundation.ttf */,
				E80451E76DC14E3F80CCE2DE /* Ionicons.ttf */,
				DC9F2B34D5D441E1BF160FA8 /* MaterialCommunityIcons.ttf */,
				30726AAD7FA34C7497832E61 /* MaterialIcons.ttf */,
				4FEC52FF7C5B47C68067D9F9 /* Octicons.ttf */,
				303D7E515107464A9F756BF5 /* SimpleLineIcons.ttf */,
				A2C8F480800B4B1C91CE2F11 /* Zocial.ttf */,
				246BA58371D2489397C31169 /* Mulish-Black.ttf */,
				A4300ABA5B43480EBE43ECA2 /* Mulish-BlackItalic.ttf */,
				D65437F5F3FD47368EF5CD50 /* Mulish-Bold.ttf */,
				C9B58ECE4F734FD59DAA6059 /* Mulish-BoldItalic.ttf */,
				12C64F49D82247D08F70F9EF /* Mulish-ExtraBold.ttf */,
				D115B91A88C24643BE803945 /* Mulish-ExtraBoldItalic.ttf */,
				01BD47AEBB3647EBA825ADAA /* Mulish-ExtraLight.ttf */,
				8941F128461942DA97A52996 /* Mulish-ExtraLightItalic.ttf */,
				3FF99585D6744C4C9D0D70F1 /* Mulish-Italic.ttf */,
				2C8A52B1A1C64342A6D2C1D0 /* Mulish-Light.ttf */,
				B55E0FDD64884B6690E67FE0 /* Mulish-LightItalic.ttf */,
				469DE27AEC7C4E2FB84B6821 /* Mulish-Medium.ttf */,
				C482035660554311BA1C4CF8 /* Mulish-MediumItalic.ttf */,
				7087B9155EFC4F54B72BD27B /* Mulish-Regular.ttf */,
				17FA652C5328403FBA61B14D /* Mulish-SemiBold.ttf */,
				F5CA28C980B8485A9B99AE96 /* Mulish-SemiBoldItalic.ttf */,
				087413B260FA4B3781B4C9B3 /* Lexend-Black.ttf */,
				493A5286037F4531B138D718 /* Lexend-Bold.ttf */,
				902A807F58784979B124DD93 /* Lexend-ExtraBold.ttf */,
				6287F9D6E2B544409027A2B4 /* Lexend-ExtraLight.ttf */,
				17AC6CE3A079463D99C9F79E /* Lexend-Light.ttf */,
				057A039E2E3549D08049DAFF /* Lexend-Medium.ttf */,
				1604C3D60E3D4EFCBECA633B /* Lexend-Regular.ttf */,
				76F577D307724DCEAB256658 /* Lexend-SemiBold.ttf */,
				F209F2E65E2C4E308E139059 /* Lexend-Thin.ttf */,
			);
			name = Resources;
			sourceTree = "<group>";
		};
		A824A74426E34EC700A156E6 /* ClickView */ = {
			isa = PBXGroup;
			children = (
				A824A74B26E3524C00A156E6 /* ClickView.swift */,
				A824A74826E34EFF00A156E6 /* ClickViewManager.swift */,
				A824A74526E34EE700A156E6 /* ClickViewManager.m */,
			);
			path = ClickView;
			sourceTree = "<group>";
		};
		A8B207C426C79F14008E0F0D /* LoginAnimation */ = {
			isa = PBXGroup;
			children = (
				A8B207C626C79F24008E0F0D /* ViewController.m */,
				A8B207C526C79F24008E0F0D /* ViewController.swift */,
				A8B207CD26C7A264008E0F0D /* ViewControllerManager.swift */,
			);
			name = LoginAnimation;
			sourceTree = "<group>";
		};
		A8E4CDA126BE6D0D008844C7 /* SwiftComponent */ = {
			isa = PBXGroup;
			children = (
				A8E4CDA726BE6D3E008844C7 /* MyCustomView.swift */,
				A8E4CDAC26BE6DB8008844C7 /* MyCustomView.m */,
			);
			name = SwiftComponent;
			sourceTree = "<group>";
		};
		A8E4CDB226BEA091008844C7 /* Counter */ = {
			isa = PBXGroup;
			children = (
				A8E4CDBB26BEA1A2008844C7 /* CounterViewManager.swift */,
				A8E4CDBF26BEA26A008844C7 /* CounterViewManager.m */,
				A885557226C0274200D68783 /* CounterView.swift */,
			);
			name = Counter;
			sourceTree = "<group>";
		};
		A957892C321B4A5850B954E3 /* Pods */ = {
			isa = PBXGroup;
			children = (
				58F57BCDE10911C0B8C0A8C4 /* Pods-DrCare.debug.xcconfig */,
				D679BEBE0D9E67098CF8EAB7 /* Pods-DrCare.release.xcconfig */,
				982ED5BDB7E67E9B60B82295 /* Pods-DrCare-tvOS.debug.xcconfig */,
				5D0268BE904F2FE2E352D4EF /* Pods-DrCare-tvOS.release.xcconfig */,
				168AD2AD5FE1139B76649792 /* Pods-DrCare-tvOSTests.debug.xcconfig */,
				13784A9040DBC50FB428E765 /* Pods-DrCare-tvOSTests.release.xcconfig */,
				80158D7EF8F8B6C4DAB7F7C7 /* Pods-DrCareTests.debug.xcconfig */,
				5779F736A20D490E2E1A9B05 /* Pods-DrCareTests.release.xcconfig */,
				0CB77AE88548B69296AA568D /* Pods-DrCare-DrCareTests.debug.xcconfig */,
				93DF87D1A45954192A4C560D /* Pods-DrCare-DrCareTests.release.xcconfig */,
			);
			path = Pods;
			sourceTree = "<group>";
		};
/* End PBXGroup section */

/* Begin PBXNativeTarget section */
		13B07F861A680F5B00A75B9A /* DrCare */ = {
			isa = PBXNativeTarget;
			buildConfigurationList = 13B07F931A680F5B00A75B9A /* Build configuration list for PBXNativeTarget "DrCare" */;
			buildPhases = (
				4CEC92E26BC4954EDC617273 /* [CP] Check Pods Manifest.lock */,
				FD10A7F022414F080027D42C /* Start Packager */,
				13B07F871A680F5B00A75B9A /* Sources */,
				13B07F8C1A680F5B00A75B9A /* Frameworks */,
				13B07F8E1A680F5B00A75B9A /* Resources */,
				00DD1BFF1BD5951E006B06BC /* Bundle React Native code and images */,
				DEF32AEAA345DD215FD7DE0B /* [CP] Copy Pods Resources */,
				2E5065C71727B69723F97B86 /* [CP-User] [RNFB] Core Configuration */,
				A8FF419F26CEC44D00A569AD /* Expose Environment Variables */,
			);
			buildRules = (
			);
			dependencies = (
			);
			name = DrCare;
			productName = DrCare;
			productReference = 13B07F961A680F5B00A75B9A /* DrCare.app */;
			productType = "com.apple.product-type.application";
		};
/* End PBXNativeTarget section */

/* Begin PBXProject section */
		83CBB9F71A601CBA00E9B192 /* Project object */ = {
			isa = PBXProject;
			attributes = {
				LastUpgradeCheck = 1210;
				TargetAttributes = {
					13B07F861A680F5B00A75B9A = {
						LastSwiftMigration = 1240;
					};
				};
			};
			buildConfigurationList = 83CBB9FA1A601CBA00E9B192 /* Build configuration list for PBXProject "DrCare" */;
			compatibilityVersion = "Xcode 12.0";
			developmentRegion = en;
			hasScannedForEncodings = 0;
			knownRegions = (
				en,
				Base,
			);
			mainGroup = 83CBB9F61A601CBA00E9B192;
			productRefGroup = 83CBBA001A601CBA00E9B192 /* Products */;
			projectDirPath = "";
			projectRoot = "";
			targets = (
				13B07F861A680F5B00A75B9A /* DrCare */,
			);
		};
/* End PBXProject section */

/* Begin PBXResourcesBuildPhase section */
		13B07F8E1A680F5B00A75B9A /* Resources */ = {
			isa = PBXResourcesBuildPhase;
			buildActionMask = 2147483647;
			files = (
				13B07FBF1A68108700A75B9A /* Images.xcassets in Resources */,
				13B07FBD1A68108700A75B9A /* BuildFile in Resources */,
				3AC1F780252AF552005548BB /* LaunchScreen.storyboard in Resources */,
				A8F3A6382674C9DD000637D2 /* GoogleService-Info.plist in Resources */,
				A08D0B15F90844FEB775C3DD /* Lexend-Black.ttf in Resources */,
				22FC016AEA194FE9A9C98105 /* Lexend-Bold.ttf in Resources */,
				E719C1133F7F44E8AB5116F5 /* Lexend-ExtraBold.ttf in Resources */,
				7231C227D280406BABA506DB /* Lexend-ExtraLight.ttf in Resources */,
				22314F377DF44F58B7BF12C4 /* Lexend-Light.ttf in Resources */,
				6B199754054F46FC8493C066 /* Lexend-Medium.ttf in Resources */,
				D34FD2C073C74FD3ADF9E108 /* Lexend-Regular.ttf in Resources */,
				B42F7E88778F4D0B9AADEEB8 /* Lexend-SemiBold.ttf in Resources */,
				9D4F354DDDF548F9A161407A /* Lexend-Thin.ttf in Resources */,
			);
			runOnlyForDeploymentPostprocessing = 0;
		};
/* End PBXResourcesBuildPhase section */

/* Begin PBXShellScriptBuildPhase section */
		00DD1BFF1BD5951E006B06BC /* Bundle React Native code and images */ = {
			isa = PBXShellScriptBuildPhase;
			buildActionMask = 2147483647;
			files = (
			);
			inputPaths = (
			);
			name = "Bundle React Native code and images";
			outputPaths = (
			);
			runOnlyForDeploymentPostprocessing = 0;
			shellPath = /bin/sh;
			shellScript = "set -e\nexport NODE_BINARY=\"node ../node_modules/react-native/scripts/react-native-xcode.sh\"\n";
		};
		2E5065C71727B69723F97B86 /* [CP-User] [RNFB] Core Configuration */ = {
			isa = PBXShellScriptBuildPhase;
			buildActionMask = 2147483647;
			files = (
			);
			inputPaths = (
				"$(SRCROOT)/$(BUILT_PRODUCTS_DIR)/$(INFOPLIST_PATH)",
			);
			name = "[CP-User] [RNFB] Core Configuration";
			runOnlyForDeploymentPostprocessing = 0;
			shellPath = /bin/sh;
			shellScript = "#!/usr/bin/env bash\n#\n# Copyright (c) 2016-present Invertase Limited & Contributors\n#\n# Licensed under the Apache License, Version 2.0 (the \"License\");\n# you may not use this library except in compliance with the License.\n# You may obtain a copy of the License at\n#\n#   http://www.apache.org/licenses/LICENSE-2.0\n#\n# Unless required by applicable law or agreed to in writing, software\n# distributed under the License is distributed on an \"AS IS\" BASIS,\n# WITHOUT WARRANTIES OR CONDITIONS OF ANY KIND, either express or implied.\n# See the License for the specific language governing permissions and\n# limitations under the License.\n#\nset -e\n\n_MAX_LOOKUPS=2;\n_SEARCH_RESULT=''\n_RN_ROOT_EXISTS=''\n_CURRENT_LOOKUPS=1\n_JSON_ROOT=\"'react-native'\"\n_JSON_FILE_NAME='firebase.json'\n_JSON_OUTPUT_BASE64='e30=' # { }\n_CURRENT_SEARCH_DIR=${PROJECT_DIR}\n_PLIST_BUDDY=/usr/libexec/PlistBuddy\n_TARGET_PLIST=\"${BUILT_PRODUCTS_DIR}/${INFOPLIST_PATH}\"\n_DSYM_PLIST=\"${DWARF_DSYM_FOLDER_PATH}/${DWARF_DSYM_FILE_NAME}/Contents/Info.plist\"\n\n# plist arrays\n_PLIST_ENTRY_KEYS=()\n_PLIST_ENTRY_TYPES=()\n_PLIST_ENTRY_VALUES=()\n\nfunction setPlistValue {\n  echo \"info:      setting plist entry '$1' of type '$2' in file '$4'\"\n  ${_PLIST_BUDDY} -c \"Add :$1 $2 '$3'\" $4 || echo \"info:      '$1' already exists\"\n}\n\nfunction getFirebaseJsonKeyValue () {\n  if [[ ${_RN_ROOT_EXISTS} ]]; then\n    ruby -e \"require 'rubygems';require 'json'; output=JSON.parse('$1'); puts output[$_JSON_ROOT]['$2']\"\n  else\n    echo \"\"\n  fi;\n}\n\nfunction jsonBoolToYesNo () {\n  if [[ $1 == \"false\" ]]; then\n    echo \"NO\"\n  elif [[ $1 == \"true\" ]]; then\n    echo \"YES\"\n  else echo \"NO\"\n  fi\n}\n\necho \"info: -> RNFB build script started\"\necho \"info: 1) Locating ${_JSON_FILE_NAME} file:\"\n\nif [[ -z ${_CURRENT_SEARCH_DIR} ]]; then\n  _CURRENT_SEARCH_DIR=$(pwd)\nfi;\n\nwhile true; do\n  _CURRENT_SEARCH_DIR=$(dirname \"$_CURRENT_SEARCH_DIR\")\n  if [[ \"$_CURRENT_SEARCH_DIR\" == \"/\" ]] || [[ ${_CURRENT_LOOKUPS} -gt ${_MAX_LOOKUPS} ]]; then break; fi;\n  echo \"info:      ($_CURRENT_LOOKUPS of $_MAX_LOOKUPS) Searching in '$_CURRENT_SEARCH_DIR' for a ${_JSON_FILE_NAME} file.\"\n  _SEARCH_RESULT=$(find \"$_CURRENT_SEARCH_DIR\" -maxdepth 2 -name ${_JSON_FILE_NAME} -print | head -n 1)\n  if [[ ${_SEARCH_RESULT} ]]; then\n    echo \"info:      ${_JSON_FILE_NAME} found at $_SEARCH_RESULT\"\n    break;\n  fi;\n  _CURRENT_LOOKUPS=$((_CURRENT_LOOKUPS+1))\ndone\n\nif [[ ${_SEARCH_RESULT} ]]; then\n  _JSON_OUTPUT_RAW=$(cat \"${_SEARCH_RESULT}\")\n  _RN_ROOT_EXISTS=$(ruby -e \"require 'rubygems';require 'json'; output=JSON.parse('$_JSON_OUTPUT_RAW'); puts output[$_JSON_ROOT]\" || echo '')\n\n  if [[ ${_RN_ROOT_EXISTS} ]]; then\n    _JSON_OUTPUT_BASE64=$(python -c 'import json,sys,base64;print(base64.b64encode(json.dumps(json.loads(open('\"'${_SEARCH_RESULT}'\"').read())['${_JSON_ROOT}'])))' || echo \"e30=\")\n  fi\n\n  _PLIST_ENTRY_KEYS+=(\"firebase_json_raw\")\n  _PLIST_ENTRY_TYPES+=(\"string\")\n  _PLIST_ENTRY_VALUES+=(\"$_JSON_OUTPUT_BASE64\")\n\n  # config.analytics_auto_collection_enabled\n  _ANALYTICS_AUTO_COLLECTION=$(getFirebaseJsonKeyValue \"$_JSON_OUTPUT_RAW\" \"analytics_auto_collection_enabled\")\n  if [[ $_ANALYTICS_AUTO_COLLECTION ]]; then\n    _PLIST_ENTRY_KEYS+=(\"FIREBASE_ANALYTICS_COLLECTION_ENABLED\")\n    _PLIST_ENTRY_TYPES+=(\"bool\")\n    _PLIST_ENTRY_VALUES+=(\"$(jsonBoolToYesNo \"$_ANALYTICS_AUTO_COLLECTION\")\")\n  fi\n\n  # config.perf_auto_collection_enabled\n  _PERF_AUTO_COLLECTION=$(getFirebaseJsonKeyValue \"$_JSON_OUTPUT_RAW\" \"perf_auto_collection_enabled\")\n  if [[ $_PERF_AUTO_COLLECTION ]]; then\n    _PLIST_ENTRY_KEYS+=(\"firebase_performance_collection_enabled\")\n    _PLIST_ENTRY_TYPES+=(\"bool\")\n    _PLIST_ENTRY_VALUES+=(\"$(jsonBoolToYesNo \"$_PERF_AUTO_COLLECTION\")\")\n  fi\n\n  # config.messaging_auto_init_enabled\n  _MESSAGING_AUTO_INIT=$(getFirebaseJsonKeyValue \"$_JSON_OUTPUT_RAW\" \"messaging_auto_init_enabled\")\n  if [[ $_MESSAGING_AUTO_INIT ]]; then\n    _PLIST_ENTRY_KEYS+=(\"FirebaseMessagingAutoInitEnabled\")\n    _PLIST_ENTRY_TYPES+=(\"bool\")\n    _PLIST_ENTRY_VALUES+=(\"$(jsonBoolToYesNo \"$_MESSAGING_AUTO_INIT\")\")\n  fi\n\n  # config.crashlytics_disable_auto_disabler - undocumented for now - mainly for debugging, document if becomes useful\n  _CRASHLYTICS_AUTO_DISABLE_ENABLED=$(getFirebaseJsonKeyValue \"$_JSON_OUTPUT_RAW\" \"crashlytics_disable_auto_disabler\")\n  if [[ $_CRASHLYTICS_AUTO_DISABLE_ENABLED == \"true\" ]]; then\n    echo \"Disabled Crashlytics auto disabler.\" # do nothing\n  else\n    _PLIST_ENTRY_KEYS+=(\"FirebaseCrashlyticsCollectionEnabled\")\n    _PLIST_ENTRY_TYPES+=(\"bool\")\n    _PLIST_ENTRY_VALUES+=(\"NO\")\n  fi\nelse\n  _PLIST_ENTRY_KEYS+=(\"firebase_json_raw\")\n  _PLIST_ENTRY_TYPES+=(\"string\")\n  _PLIST_ENTRY_VALUES+=(\"$_JSON_OUTPUT_BASE64\")\n  echo \"warning:   A firebase.json file was not found, whilst this file is optional it is recommended to include it to configure firebase services in React Native Firebase.\"\nfi;\n\necho \"info: 2) Injecting Info.plist entries: \"\n\n# Log out the keys we're adding\nfor i in \"${!_PLIST_ENTRY_KEYS[@]}\"; do\n  echo \"    ->  $i) ${_PLIST_ENTRY_KEYS[$i]}\" \"${_PLIST_ENTRY_TYPES[$i]}\" \"${_PLIST_ENTRY_VALUES[$i]}\"\ndone\n\nfor plist in \"${_TARGET_PLIST}\" \"${_DSYM_PLIST}\" ; do\n  if [[ -f \"${plist}\" ]]; then\n\n    # paths with spaces break the call to setPlistValue. temporarily modify\n    # the shell internal field separator variable (IFS), which normally\n    # includes spaces, to consist only of line breaks\n    oldifs=$IFS\n    IFS=\"\n\"\n\n    for i in \"${!_PLIST_ENTRY_KEYS[@]}\"; do\n      setPlistValue \"${_PLIST_ENTRY_KEYS[$i]}\" \"${_PLIST_ENTRY_TYPES[$i]}\" \"${_PLIST_ENTRY_VALUES[$i]}\" \"${plist}\"\n    done\n\n    # restore the original internal field separator value\n    IFS=$oldifs\n  else\n    echo \"warning:   A Info.plist build output file was not found (${plist})\"\n  fi\ndone\n\necho \"info: <- RNFB build script finished\"\n";
		};
		4CEC92E26BC4954EDC617273 /* [CP] Check Pods Manifest.lock */ = {
			isa = PBXShellScriptBuildPhase;
			buildActionMask = 2147483647;
			files = (
			);
			inputFileListPaths = (
			);
			inputPaths = (
				"${PODS_PODFILE_DIR_PATH}/Podfile.lock",
				"${PODS_ROOT}/Manifest.lock",
			);
			name = "[CP] Check Pods Manifest.lock";
			outputFileListPaths = (
			);
			outputPaths = (
				"$(DERIVED_FILE_DIR)/Pods-DrCare-checkManifestLockResult.txt",
			);
			runOnlyForDeploymentPostprocessing = 0;
			shellPath = /bin/sh;
			shellScript = "diff \"${PODS_PODFILE_DIR_PATH}/Podfile.lock\" \"${PODS_ROOT}/Manifest.lock\" > /dev/null\nif [ $? != 0 ] ; then\n    # print error to STDERR\n    echo \"error: The sandbox is not in sync with the Podfile.lock. Run 'pod install' or update your CocoaPods installation.\" >&2\n    exit 1\nfi\n# This output is used by Xcode 'outputs' to avoid re-running this script phase.\necho \"SUCCESS\" > \"${SCRIPT_OUTPUT_FILE_0}\"\n";
			showEnvVarsInLog = 0;
		};
		A8FF419F26CEC44D00A569AD /* Expose Environment Variables */ = {
			isa = PBXShellScriptBuildPhase;
			buildActionMask = 2147483647;
			files = (
			);
			inputFileListPaths = (
			);
			inputPaths = (
			);
			name = "Expose Environment Variables";
			outputFileListPaths = (
			);
			outputPaths = (
			);
			runOnlyForDeploymentPostprocessing = 0;
			shellPath = /bin/sh;
			shellScript = "# Type a script or drag a script file from your workspace to insert its path.\n\"${SRCROOT}/../node_modules/react-native-config/ios/ReactNativeConfig/BuildXCConfig.rb\" \"${SRCROOT}/..\" \"${SRCROOT}/tmp.xcconfig\"\n";
		};
		DEF32AEAA345DD215FD7DE0B /* [CP] Copy Pods Resources */ = {
			isa = PBXShellScriptBuildPhase;
			buildActionMask = 2147483647;
			files = (
			);
			inputFileListPaths = (
				"${PODS_ROOT}/Target Support Files/Pods-DrCare/Pods-DrCare-resources-${CONFIGURATION}-input-files.xcfilelist",
			);
			name = "[CP] Copy Pods Resources";
			outputFileListPaths = (
				"${PODS_ROOT}/Target Support Files/Pods-DrCare/Pods-DrCare-resources-${CONFIGURATION}-output-files.xcfilelist",
			);
			runOnlyForDeploymentPostprocessing = 0;
			shellPath = /bin/sh;
			shellScript = "\"${PODS_ROOT}/Target Support Files/Pods-DrCare/Pods-DrCare-resources.sh\"\n";
			showEnvVarsInLog = 0;
		};
		FD10A7F022414F080027D42C /* Start Packager */ = {
			isa = PBXShellScriptBuildPhase;
			buildActionMask = 2147483647;
			files = (
			);
			inputFileListPaths = (
			);
			inputPaths = (
			);
			name = "Start Packager";
			outputFileListPaths = (
			);
			outputPaths = (
			);
			runOnlyForDeploymentPostprocessing = 0;
			shellPath = /bin/sh;
			shellScript = "export RCT_METRO_PORT=\"${RCT_METRO_PORT:=8081}\"\necho \"export RCT_METRO_PORT=${RCT_METRO_PORT}\" > \"${SRCROOT}/../node_modules/react-native/scripts/.packager.env\"\nif [ -z \"${RCT_NO_LAUNCH_PACKAGER+xxx}\" ] ; then\n  if nc -w 5 -z localhost ${RCT_METRO_PORT} ; then\n    if ! curl -s \"http://localhost:${RCT_METRO_PORT}/status\" | grep -q \"packager-status:running\" ; then\n      echo \"Port ${RCT_METRO_PORT} already in use, packager is either not running or not running correctly\"\n      exit 2\n    fi\n  else\n    open \"$SRCROOT/../node_modules/react-native/scripts/launchPackager.command\" || echo \"Can't start packager automatically\"\n  fi\nfi\n";
			showEnvVarsInLog = 0;
		};
/* End PBXShellScriptBuildPhase section */

/* Begin PBXSourcesBuildPhase section */
		13B07F871A680F5B00A75B9A /* Sources */ = {
			isa = PBXSourcesBuildPhase;
			buildActionMask = 2147483647;
			files = (
				A8B207CE26C7A264008E0F0D /* ViewControllerManager.swift in Sources */,
				A824A74926E34EFF00A156E6 /* ClickViewManager.swift in Sources */,
				A8B207C826C79F25008E0F0D /* ViewController.m in Sources */,
				A824A74626E34EE700A156E6 /* ClickViewManager.m in Sources */,
				13B07FBC1A68108700A75B9A /* AppDelegate.m in Sources */,
				A8E4CDAD26BE6DB8008844C7 /* MyCustomView.m in Sources */,
				A824A74C26E3524C00A156E6 /* ClickView.swift in Sources */,
				A8E4CDA826BE6D3E008844C7 /* MyCustomView.swift in Sources */,
				A885557326C0274200D68783 /* CounterView.swift in Sources */,
				13B07FC11A68108700A75B9A /* main.m in Sources */,
				A8E4CDBC26BEA1A2008844C7 /* CounterViewManager.swift in Sources */,
				A8B207C726C79F25008E0F0D /* ViewController.swift in Sources */,
				A8E4CDC026BEA26A008844C7 /* CounterViewManager.m in Sources */,
			);
			runOnlyForDeploymentPostprocessing = 0;
		};
/* End PBXSourcesBuildPhase section */

/* Begin XCBuildConfiguration section */
		13B07F941A680F5B00A75B9A /* Debug */ = {
			isa = XCBuildConfiguration;
			baseConfigurationReference = 58F57BCDE10911C0B8C0A8C4 /* Pods-DrCare.debug.xcconfig */;
			buildSettings = {
				ASSETCATALOG_COMPILER_APPICON_NAME = AppIcon;
				CLANG_ENABLE_MODULES = YES;
				CODE_SIGN_ENTITLEMENTS = DrCare/DrCare.entitlements;
				CODE_SIGN_IDENTITY = "Apple Development";
				CODE_SIGN_STYLE = Automatic;
				CURRENT_PROJECT_VERSION = 0;
				DEVELOPMENT_TEAM = UY5XMWTBUQ;
				ENABLE_BITCODE = NO;
				INFOPLIST_FILE = DrCare/Info.plist;
				IPHONEOS_DEPLOYMENT_TARGET = 11.0;
				LD_RUNPATH_SEARCH_PATHS = (
					"$(inherited)",
					"@executable_path/Frameworks",
				);
				MARKETING_VERSION = 0.1;
				OTHER_LDFLAGS = (
					"$(inherited)",
					"-ObjC",
					"-lc++",
				);
				PRODUCT_BUNDLE_IDENTIFIER = com.app.drcare;
				PRODUCT_NAME = DrCare;
				PROVISIONING_PROFILE_SPECIFIER = "";
				SWIFT_OBJC_BRIDGING_HEADER = "DrCare-Bridging-Header.h";
				SWIFT_OPTIMIZATION_LEVEL = "-Onone";
				SWIFT_VERSION = 5.0;
				VERSIONING_SYSTEM = "apple-generic";
			};
			name = Debug;
		};
		13B07F951A680F5B00A75B9A /* Release */ = {
			isa = XCBuildConfiguration;
			baseConfigurationReference = D679BEBE0D9E67098CF8EAB7 /* Pods-DrCare.release.xcconfig */;
			buildSettings = {
				ASSETCATALOG_COMPILER_APPICON_NAME = AppIcon;
				CLANG_ENABLE_MODULES = YES;
				CODE_SIGN_ENTITLEMENTS = DrCare/DrCare.entitlements;
				CODE_SIGN_IDENTITY = "Apple Development";
				CODE_SIGN_STYLE = Automatic;
				CURRENT_PROJECT_VERSION = 0;
				DEVELOPMENT_TEAM = UY5XMWTBUQ;
				INFOPLIST_FILE = DrCare/Info.plist;
				IPHONEOS_DEPLOYMENT_TARGET = 11.0;
				LD_RUNPATH_SEARCH_PATHS = (
					"$(inherited)",
					"@executable_path/Frameworks",
				);
				MARKETING_VERSION = 0.1;
				ONLY_ACTIVE_ARCH = YES;
				OTHER_LDFLAGS = (
					"$(inherited)",
					"-ObjC",
					"-lc++",
				);
				PRODUCT_BUNDLE_IDENTIFIER = com.app.drcare;
				PRODUCT_NAME = DrCare;
				PROVISIONING_PROFILE_SPECIFIER = "";
				SWIFT_OBJC_BRIDGING_HEADER = "DrCare-Bridging-Header.h";
				SWIFT_VERSION = 5.0;
				VERSIONING_SYSTEM = "apple-generic";
			};
			name = Release;
		};
		83CBBA201A601CBA00E9B192 /* Debug */ = {
			isa = XCBuildConfiguration;
			baseConfigurationReference = A8FF418B26CEBCBE00A569AD /* Config.xcconfig */;
			buildSettings = {
				ALWAYS_SEARCH_USER_PATHS = NO;
				CLANG_ANALYZER_LOCALIZABILITY_NONLOCALIZED = YES;
				CLANG_CXX_LANGUAGE_STANDARD = "gnu++0x";
				CLANG_CXX_LIBRARY = "libc++";
				CLANG_ENABLE_MODULES = YES;
				CLANG_ENABLE_OBJC_ARC = YES;
				CLANG_WARN_BLOCK_CAPTURE_AUTORELEASING = YES;
				CLANG_WARN_BOOL_CONVERSION = YES;
				CLANG_WARN_COMMA = YES;
				CLANG_WARN_CONSTANT_CONVERSION = YES;
				CLANG_WARN_DEPRECATED_OBJC_IMPLEMENTATIONS = YES;
				CLANG_WARN_DIRECT_OBJC_ISA_USAGE = YES_ERROR;
				CLANG_WARN_EMPTY_BODY = YES;
				CLANG_WARN_ENUM_CONVERSION = YES;
				CLANG_WARN_INFINITE_RECURSION = YES;
				CLANG_WARN_INT_CONVERSION = YES;
				CLANG_WARN_NON_LITERAL_NULL_CONVERSION = YES;
				CLANG_WARN_OBJC_IMPLICIT_RETAIN_SELF = YES;
				CLANG_WARN_OBJC_LITERAL_CONVERSION = YES;
				CLANG_WARN_OBJC_ROOT_CLASS = YES_ERROR;
				CLANG_WARN_QUOTED_INCLUDE_IN_FRAMEWORK_HEADER = YES;
				CLANG_WARN_RANGE_LOOP_ANALYSIS = YES;
				CLANG_WARN_STRICT_PROTOTYPES = YES;
				CLANG_WARN_SUSPICIOUS_MOVE = YES;
				CLANG_WARN_UNREACHABLE_CODE = YES;
				CLANG_WARN__DUPLICATE_METHOD_MATCH = YES;
				"CODE_SIGN_IDENTITY[sdk=iphoneos*]" = "iPhone Developer";
				COPY_PHASE_STRIP = NO;
				ENABLE_STRICT_OBJC_MSGSEND = YES;
				ENABLE_TESTABILITY = YES;
				"EXCLUDED_ARCHS[sdk=iphonesimulator*]" = "arm64 ";
				GCC_C_LANGUAGE_STANDARD = gnu99;
				GCC_DYNAMIC_NO_PIC = NO;
				GCC_NO_COMMON_BLOCKS = YES;
				GCC_OPTIMIZATION_LEVEL = 0;
				GCC_PREPROCESSOR_DEFINITIONS = (
					"DEBUG=1",
					"$(inherited)",
				);
				GCC_SYMBOLS_PRIVATE_EXTERN = NO;
				GCC_WARN_64_TO_32_BIT_CONVERSION = YES;
				GCC_WARN_ABOUT_RETURN_TYPE = YES_ERROR;
				GCC_WARN_UNDECLARED_SELECTOR = YES;
				GCC_WARN_UNINITIALIZED_AUTOS = YES_AGGRESSIVE;
				GCC_WARN_UNUSED_FUNCTION = YES;
				GCC_WARN_UNUSED_VARIABLE = YES;
				IPHONEOS_DEPLOYMENT_TARGET = 10.0;
				LD_RUNPATH_SEARCH_PATHS = (
					/usr/lib/swift,
					"$(inherited)",
				);
				LIBRARY_SEARCH_PATHS = (
					"\"$(TOOLCHAIN_DIR)/usr/lib/swift/$(PLATFORM_NAME)\"",
					"\"$(TOOLCHAIN_DIR)/usr/lib/swift-5.0/$(PLATFORM_NAME)\"",
					"\"$(inherited)\"",
				);
				MTL_ENABLE_DEBUG_INFO = YES;
				ONLY_ACTIVE_ARCH = YES;
				SDKROOT = iphoneos;
			};
			name = Debug;
		};
		83CBBA211A601CBA00E9B192 /* Release */ = {
			isa = XCBuildConfiguration;
			baseConfigurationReference = A8FF418B26CEBCBE00A569AD /* Config.xcconfig */;
			buildSettings = {
				ALWAYS_SEARCH_USER_PATHS = NO;
				CLANG_ANALYZER_LOCALIZABILITY_NONLOCALIZED = YES;
				CLANG_CXX_LANGUAGE_STANDARD = "gnu++0x";
				CLANG_CXX_LIBRARY = "libc++";
				CLANG_ENABLE_MODULES = YES;
				CLANG_ENABLE_OBJC_ARC = YES;
				CLANG_WARN_BLOCK_CAPTURE_AUTORELEASING = YES;
				CLANG_WARN_BOOL_CONVERSION = YES;
				CLANG_WARN_COMMA = YES;
				CLANG_WARN_CONSTANT_CONVERSION = YES;
				CLANG_WARN_DEPRECATED_OBJC_IMPLEMENTATIONS = YES;
				CLANG_WARN_DIRECT_OBJC_ISA_USAGE = YES_ERROR;
				CLANG_WARN_EMPTY_BODY = YES;
				CLANG_WARN_ENUM_CONVERSION = YES;
				CLANG_WARN_INFINITE_RECURSION = YES;
				CLANG_WARN_INT_CONVERSION = YES;
				CLANG_WARN_NON_LITERAL_NULL_CONVERSION = YES;
				CLANG_WARN_OBJC_IMPLICIT_RETAIN_SELF = YES;
				CLANG_WARN_OBJC_LITERAL_CONVERSION = YES;
				CLANG_WARN_OBJC_ROOT_CLASS = YES_ERROR;
				CLANG_WARN_QUOTED_INCLUDE_IN_FRAMEWORK_HEADER = YES;
				CLANG_WARN_RANGE_LOOP_ANALYSIS = YES;
				CLANG_WARN_STRICT_PROTOTYPES = YES;
				CLANG_WARN_SUSPICIOUS_MOVE = YES;
				CLANG_WARN_UNREACHABLE_CODE = YES;
				CLANG_WARN__DUPLICATE_METHOD_MATCH = YES;
				"CODE_SIGN_IDENTITY[sdk=iphoneos*]" = "iPhone Developer";
				COPY_PHASE_STRIP = YES;
				ENABLE_NS_ASSERTIONS = NO;
				ENABLE_STRICT_OBJC_MSGSEND = YES;
				"EXCLUDED_ARCHS[sdk=iphonesimulator*]" = "arm64 ";
				GCC_C_LANGUAGE_STANDARD = gnu99;
				GCC_NO_COMMON_BLOCKS = YES;
				GCC_WARN_64_TO_32_BIT_CONVERSION = YES;
				GCC_WARN_ABOUT_RETURN_TYPE = YES_ERROR;
				GCC_WARN_UNDECLARED_SELECTOR = YES;
				GCC_WARN_UNINITIALIZED_AUTOS = YES_AGGRESSIVE;
				GCC_WARN_UNUSED_FUNCTION = YES;
				GCC_WARN_UNUSED_VARIABLE = YES;
				IPHONEOS_DEPLOYMENT_TARGET = 10.0;
				LD_RUNPATH_SEARCH_PATHS = (
					/usr/lib/swift,
					"$(inherited)",
				);
				LIBRARY_SEARCH_PATHS = (
					"\"$(TOOLCHAIN_DIR)/usr/lib/swift/$(PLATFORM_NAME)\"",
					"\"$(TOOLCHAIN_DIR)/usr/lib/swift-5.0/$(PLATFORM_NAME)\"",
					"\"$(inherited)\"",
				);
				MTL_ENABLE_DEBUG_INFO = NO;
				SDKROOT = iphoneos;
				VALIDATE_PRODUCT = YES;
			};
			name = Release;
		};
/* End XCBuildConfiguration section */

/* Begin XCConfigurationList section */
		13B07F931A680F5B00A75B9A /* Build configuration list for PBXNativeTarget "DrCare" */ = {
			isa = XCConfigurationList;
			buildConfigurations = (
				13B07F941A680F5B00A75B9A /* Debug */,
				13B07F951A680F5B00A75B9A /* Release */,
			);
			defaultConfigurationIsVisible = 0;
			defaultConfigurationName = Release;
		};
		83CBB9FA1A601CBA00E9B192 /* Build configuration list for PBXProject "DrCare" */ = {
			isa = XCConfigurationList;
			buildConfigurations = (
				83CBBA201A601CBA00E9B192 /* Debug */,
				83CBBA211A601CBA00E9B192 /* Release */,
			);
			defaultConfigurationIsVisible = 0;
			defaultConfigurationName = Release;
		};
/* End XCConfigurationList section */
	};
	rootObject = 83CBB9F71A601CBA00E9B192 /* Project object */;
}
